// !$*UTF8*$!
{
	archiveVersion = 1;
	classes = {
	};
	objectVersion = 46;
	objects = {

/* Begin PBXBuildFile section */
		300FBC091AD30CC900152297 /* PowerupHandler.swift in Sources */ = {isa = PBXBuildFile; fileRef = 300FBC081AD30CC900152297 /* PowerupHandler.swift */; };
		300FBC0B1AD316F400152297 /* Powerup.swift in Sources */ = {isa = PBXBuildFile; fileRef = 300FBC0A1AD316F400152297 /* Powerup.swift */; };
		301C00871AB4576D00A635FC /* Score.swift in Sources */ = {isa = PBXBuildFile; fileRef = 301C00861AB4576D00A635FC /* Score.swift */; };
		302197731AB306B400769D2F /* PhysicsCategory.swift in Sources */ = {isa = PBXBuildFile; fileRef = 302197721AB306B400769D2F /* PhysicsCategory.swift */; };
		302D81481AC857DA00FDF44D /* hit2.wav in Resources */ = {isa = PBXBuildFile; fileRef = 302D81461AC857DA00FDF44D /* hit2.wav */; };
		302D81491AC857DA00FDF44D /* hit1.wav in Resources */ = {isa = PBXBuildFile; fileRef = 302D81471AC857DA00FDF44D /* hit1.wav */; };
		302D814D1AC93E6A00FDF44D /* Fonts.swift in Sources */ = {isa = PBXBuildFile; fileRef = 302D814C1AC93E6A00FDF44D /* Fonts.swift */; };
		302D814F1AC93E9600FDF44D /* GameMode.swift in Sources */ = {isa = PBXBuildFile; fileRef = 302D814E1AC93E9600FDF44D /* GameMode.swift */; };
		3034C8CE1AD43AEF00577E51 /* Strings.swift in Sources */ = {isa = PBXBuildFile; fileRef = 3034C8CD1AD43AEF00577E51 /* Strings.swift */; };
		3038F8081ABA0BA100741BEE /* GameKit.framework in Frameworks */ = {isa = PBXBuildFile; fileRef = 3038F8071ABA0BA100741BEE /* GameKit.framework */; };
		3038F80E1ABA1F0600741BEE /* SceneDelegate.swift in Sources */ = {isa = PBXBuildFile; fileRef = 3038F80D1ABA1F0600741BEE /* SceneDelegate.swift */; };
		303FCDED1AAE349900A59347 /* Circle.swift in Sources */ = {isa = PBXBuildFile; fileRef = 303FCDEC1AAE349900A59347 /* Circle.swift */; };
		3040C9B91ACC447B0064BEFB /* TimerBar.swift in Sources */ = {isa = PBXBuildFile; fileRef = 3040C9B81ACC447B0064BEFB /* TimerBar.swift */; };
		30456F501AAF8EA3008F070C /* UIColorExtension.swift in Sources */ = {isa = PBXBuildFile; fileRef = 30456F4F1AAF8EA3008F070C /* UIColorExtension.swift */; };
		30500B2F1AAE3010009F4C26 /* AppDelegate.swift in Sources */ = {isa = PBXBuildFile; fileRef = 30500B2E1AAE3010009F4C26 /* AppDelegate.swift */; };
		30500B331AAE3010009F4C26 /* GameScene.swift in Sources */ = {isa = PBXBuildFile; fileRef = 30500B321AAE3010009F4C26 /* GameScene.swift */; };
		30500B351AAE3010009F4C26 /* GameViewController.swift in Sources */ = {isa = PBXBuildFile; fileRef = 30500B341AAE3010009F4C26 /* GameViewController.swift */; };
		30500B381AAE3010009F4C26 /* Main.storyboard in Resources */ = {isa = PBXBuildFile; fileRef = 30500B361AAE3010009F4C26 /* Main.storyboard */; };
		30500B3A1AAE3010009F4C26 /* Images.xcassets in Resources */ = {isa = PBXBuildFile; fileRef = 30500B391AAE3010009F4C26 /* Images.xcassets */; };
		30500B3D1AAE3010009F4C26 /* LaunchScreen.xib in Resources */ = {isa = PBXBuildFile; fileRef = 30500B3B1AAE3010009F4C26 /* LaunchScreen.xib */; };
		30500B491AAE3010009F4C26 /* ArcularsTests.swift in Sources */ = {isa = PBXBuildFile; fileRef = 30500B481AAE3010009F4C26 /* ArcularsTests.swift */; };
		30525A031AB3800F001D6C91 /* Ball.swift in Sources */ = {isa = PBXBuildFile; fileRef = 30525A021AB3800F001D6C91 /* Ball.swift */; };
		305414BA1AC04BFE00636047 /* StatsScene.swift in Sources */ = {isa = PBXBuildFile; fileRef = 305414B91AC04BFE00636047 /* StatsScene.swift */; };
		305414BC1AC0A05000636047 /* SettingsScene.swift in Sources */ = {isa = PBXBuildFile; fileRef = 305414BB1AC0A05000636047 /* SettingsScene.swift */; };
		305BCAF21AC9727D004F68E6 /* AboutScene.swift in Sources */ = {isa = PBXBuildFile; fileRef = 305BCAF11AC9727D004F68E6 /* AboutScene.swift */; };
		305BCAF41AC973A8004F68E6 /* HelpScene.swift in Sources */ = {isa = PBXBuildFile; fileRef = 305BCAF31AC973A8004F68E6 /* HelpScene.swift */; };
		308F5EB21AC2171D004E40EC /* SettingsHandler.swift in Sources */ = {isa = PBXBuildFile; fileRef = 308F5EB11AC2171D004E40EC /* SettingsHandler.swift */; };
		3091AC1C1ACA84D300E25F13 /* GCHandler.swift in Sources */ = {isa = PBXBuildFile; fileRef = 3091AC1B1ACA84D300E25F13 /* GCHandler.swift */; };
		3091AC1E1ACA84E000E25F13 /* SystemConfiguration.framework in Frameworks */ = {isa = PBXBuildFile; fileRef = 3091AC1D1ACA84E000E25F13 /* SystemConfiguration.framework */; };
		30964D121AC6AAD000937D8D /* Difficulty.swift in Sources */ = {isa = PBXBuildFile; fileRef = 30964D111AC6AAD000937D8D /* Difficulty.swift */; };
		3098F5251AAF8AB800829428 /* Colors.swift in Sources */ = {isa = PBXBuildFile; fileRef = 3098F5241AAF8AB800829428 /* Colors.swift */; };
		309ED2E71AB4939D007D7EC4 /* MenuScene.swift in Sources */ = {isa = PBXBuildFile; fileRef = 309ED2E61AB4939D007D7EC4 /* MenuScene.swift */; };
		30A5F3FC1AC1557B004D7364 /* StatsHandler.swift in Sources */ = {isa = PBXBuildFile; fileRef = 30A5F3FB1AC1557B004D7364 /* StatsHandler.swift */; };
		30A8FF981ABAAD4A002EB522 /* UIDeviceExtension.swift in Sources */ = {isa = PBXBuildFile; fileRef = 30A8FF971ABAAD4A002EB522 /* UIDeviceExtension.swift */; };
		30E95DF31ACC962A003FACEC /* HealthBar.swift in Sources */ = {isa = PBXBuildFile; fileRef = 30E95DF21ACC962A003FACEC /* HealthBar.swift */; };
		30F02AC11ABF570300A0CF68 /* GameoverScene.swift in Sources */ = {isa = PBXBuildFile; fileRef = 30F02AC01ABF570300A0CF68 /* GameoverScene.swift */; };
/* End PBXBuildFile section */

/* Begin PBXContainerItemProxy section */
		30500B431AAE3010009F4C26 /* PBXContainerItemProxy */ = {
			isa = PBXContainerItemProxy;
			containerPortal = 30500B211AAE3010009F4C26 /* Project object */;
			proxyType = 1;
			remoteGlobalIDString = 30500B281AAE3010009F4C26;
			remoteInfo = Arculars;
		};
/* End PBXContainerItemProxy section */

/* Begin PBXFileReference section */
		300FBC081AD30CC900152297 /* PowerupHandler.swift */ = {isa = PBXFileReference; fileEncoding = 4; lastKnownFileType = sourcecode.swift; path = PowerupHandler.swift; sourceTree = "<group>"; };
		300FBC0A1AD316F400152297 /* Powerup.swift */ = {isa = PBXFileReference; fileEncoding = 4; lastKnownFileType = sourcecode.swift; path = Powerup.swift; sourceTree = "<group>"; };
		301C00861AB4576D00A635FC /* Score.swift */ = {isa = PBXFileReference; fileEncoding = 4; lastKnownFileType = sourcecode.swift; path = Score.swift; sourceTree = "<group>"; };
		302197721AB306B400769D2F /* PhysicsCategory.swift */ = {isa = PBXFileReference; fileEncoding = 4; lastKnownFileType = sourcecode.swift; path = PhysicsCategory.swift; sourceTree = "<group>"; };
		302D81461AC857DA00FDF44D /* hit2.wav */ = {isa = PBXFileReference; lastKnownFileType = audio.wav; path = hit2.wav; sourceTree = "<group>"; };
		302D81471AC857DA00FDF44D /* hit1.wav */ = {isa = PBXFileReference; lastKnownFileType = audio.wav; path = hit1.wav; sourceTree = "<group>"; };
		302D814C1AC93E6A00FDF44D /* Fonts.swift */ = {isa = PBXFileReference; fileEncoding = 4; lastKnownFileType = sourcecode.swift; path = Fonts.swift; sourceTree = "<group>"; };
		302D814E1AC93E9600FDF44D /* GameMode.swift */ = {isa = PBXFileReference; fileEncoding = 4; lastKnownFileType = sourcecode.swift; path = GameMode.swift; sourceTree = "<group>"; };
		3034C8CD1AD43AEF00577E51 /* Strings.swift */ = {isa = PBXFileReference; fileEncoding = 4; lastKnownFileType = sourcecode.swift; path = Strings.swift; sourceTree = "<group>"; };
		3038F8071ABA0BA100741BEE /* GameKit.framework */ = {isa = PBXFileReference; lastKnownFileType = wrapper.framework; name = GameKit.framework; path = System/Library/Frameworks/GameKit.framework; sourceTree = SDKROOT; };
		3038F80D1ABA1F0600741BEE /* SceneDelegate.swift */ = {isa = PBXFileReference; fileEncoding = 4; lastKnownFileType = sourcecode.swift; path = SceneDelegate.swift; sourceTree = "<group>"; };
		303FCDEC1AAE349900A59347 /* Circle.swift */ = {isa = PBXFileReference; fileEncoding = 4; lastKnownFileType = sourcecode.swift; path = Circle.swift; sourceTree = "<group>"; };
		3040C9B81ACC447B0064BEFB /* TimerBar.swift */ = {isa = PBXFileReference; fileEncoding = 4; lastKnownFileType = sourcecode.swift; path = TimerBar.swift; sourceTree = "<group>"; };
		30456F4F1AAF8EA3008F070C /* UIColorExtension.swift */ = {isa = PBXFileReference; fileEncoding = 4; lastKnownFileType = sourcecode.swift; path = UIColorExtension.swift; sourceTree = "<group>"; };
		30500B291AAE3010009F4C26 /* Arculars.app */ = {isa = PBXFileReference; explicitFileType = wrapper.application; includeInIndex = 0; path = Arculars.app; sourceTree = BUILT_PRODUCTS_DIR; };
		30500B2D1AAE3010009F4C26 /* Info.plist */ = {isa = PBXFileReference; lastKnownFileType = text.plist.xml; path = Info.plist; sourceTree = "<group>"; };
		30500B2E1AAE3010009F4C26 /* AppDelegate.swift */ = {isa = PBXFileReference; lastKnownFileType = sourcecode.swift; path = AppDelegate.swift; sourceTree = "<group>"; };
		30500B321AAE3010009F4C26 /* GameScene.swift */ = {isa = PBXFileReference; lastKnownFileType = sourcecode.swift; path = GameScene.swift; sourceTree = "<group>"; };
		30500B341AAE3010009F4C26 /* GameViewController.swift */ = {isa = PBXFileReference; lastKnownFileType = sourcecode.swift; path = GameViewController.swift; sourceTree = "<group>"; };
		30500B371AAE3010009F4C26 /* Base */ = {isa = PBXFileReference; lastKnownFileType = file.storyboard; name = Base; path = Base.lproj/Main.storyboard; sourceTree = "<group>"; };
		30500B391AAE3010009F4C26 /* Images.xcassets */ = {isa = PBXFileReference; lastKnownFileType = folder.assetcatalog; path = Images.xcassets; sourceTree = "<group>"; };
		30500B3C1AAE3010009F4C26 /* Base */ = {isa = PBXFileReference; lastKnownFileType = file.xib; name = Base; path = Base.lproj/LaunchScreen.xib; sourceTree = "<group>"; };
		30500B421AAE3010009F4C26 /* ArcularsTests.xctest */ = {isa = PBXFileReference; explicitFileType = wrapper.cfbundle; includeInIndex = 0; path = ArcularsTests.xctest; sourceTree = BUILT_PRODUCTS_DIR; };
		30500B471AAE3010009F4C26 /* Info.plist */ = {isa = PBXFileReference; lastKnownFileType = text.plist.xml; path = Info.plist; sourceTree = "<group>"; };
		30500B481AAE3010009F4C26 /* ArcularsTests.swift */ = {isa = PBXFileReference; lastKnownFileType = sourcecode.swift; path = ArcularsTests.swift; sourceTree = "<group>"; };
		30525A021AB3800F001D6C91 /* Ball.swift */ = {isa = PBXFileReference; fileEncoding = 4; lastKnownFileType = sourcecode.swift; path = Ball.swift; sourceTree = "<group>"; };
		305414B91AC04BFE00636047 /* StatsScene.swift */ = {isa = PBXFileReference; fileEncoding = 4; lastKnownFileType = sourcecode.swift; path = StatsScene.swift; sourceTree = "<group>"; };
		305414BB1AC0A05000636047 /* SettingsScene.swift */ = {isa = PBXFileReference; fileEncoding = 4; lastKnownFileType = sourcecode.swift; path = SettingsScene.swift; sourceTree = "<group>"; };
		305BCAF11AC9727D004F68E6 /* AboutScene.swift */ = {isa = PBXFileReference; fileEncoding = 4; lastKnownFileType = sourcecode.swift; path = AboutScene.swift; sourceTree = "<group>"; };
		305BCAF31AC973A8004F68E6 /* HelpScene.swift */ = {isa = PBXFileReference; fileEncoding = 4; lastKnownFileType = sourcecode.swift; path = HelpScene.swift; sourceTree = "<group>"; };
		308F5EB11AC2171D004E40EC /* SettingsHandler.swift */ = {isa = PBXFileReference; fileEncoding = 4; lastKnownFileType = sourcecode.swift; path = SettingsHandler.swift; sourceTree = "<group>"; };
		3091AC1B1ACA84D300E25F13 /* GCHandler.swift */ = {isa = PBXFileReference; fileEncoding = 4; lastKnownFileType = sourcecode.swift; path = GCHandler.swift; sourceTree = "<group>"; };
		3091AC1D1ACA84E000E25F13 /* SystemConfiguration.framework */ = {isa = PBXFileReference; lastKnownFileType = wrapper.framework; name = SystemConfiguration.framework; path = System/Library/Frameworks/SystemConfiguration.framework; sourceTree = SDKROOT; };
		30964D111AC6AAD000937D8D /* Difficulty.swift */ = {isa = PBXFileReference; fileEncoding = 4; lastKnownFileType = sourcecode.swift; path = Difficulty.swift; sourceTree = "<group>"; };
		3098F5241AAF8AB800829428 /* Colors.swift */ = {isa = PBXFileReference; fileEncoding = 4; lastKnownFileType = sourcecode.swift; path = Colors.swift; sourceTree = "<group>"; };
		309ED2E61AB4939D007D7EC4 /* MenuScene.swift */ = {isa = PBXFileReference; fileEncoding = 4; lastKnownFileType = sourcecode.swift; path = MenuScene.swift; sourceTree = "<group>"; };
		30A5F3FB1AC1557B004D7364 /* StatsHandler.swift */ = {isa = PBXFileReference; fileEncoding = 4; lastKnownFileType = sourcecode.swift; path = StatsHandler.swift; sourceTree = "<group>"; };
		30A8FF971ABAAD4A002EB522 /* UIDeviceExtension.swift */ = {isa = PBXFileReference; fileEncoding = 4; lastKnownFileType = sourcecode.swift; path = UIDeviceExtension.swift; sourceTree = "<group>"; };
		30E95DF21ACC962A003FACEC /* HealthBar.swift */ = {isa = PBXFileReference; fileEncoding = 4; lastKnownFileType = sourcecode.swift; path = HealthBar.swift; sourceTree = "<group>"; };
		30F02AC01ABF570300A0CF68 /* GameoverScene.swift */ = {isa = PBXFileReference; fileEncoding = 4; lastKnownFileType = sourcecode.swift; path = GameoverScene.swift; sourceTree = "<group>"; };
/* End PBXFileReference section */

/* Begin PBXFrameworksBuildPhase section */
		30500B261AAE3010009F4C26 /* Frameworks */ = {
			isa = PBXFrameworksBuildPhase;
			buildActionMask = 2147483647;
			files = (
				3091AC1E1ACA84E000E25F13 /* SystemConfiguration.framework in Frameworks */,
				3038F8081ABA0BA100741BEE /* GameKit.framework in Frameworks */,
			);
			runOnlyForDeploymentPostprocessing = 0;
		};
		30500B3F1AAE3010009F4C26 /* Frameworks */ = {
			isa = PBXFrameworksBuildPhase;
			buildActionMask = 2147483647;
			files = (
			);
			runOnlyForDeploymentPostprocessing = 0;
		};
/* End PBXFrameworksBuildPhase section */

/* Begin PBXGroup section */
		3034C8CF1AD43AFC00577E51 /* Globals */ = {
			isa = PBXGroup;
			children = (
				3034C8CD1AD43AEF00577E51 /* Strings.swift */,
				3098F5241AAF8AB800829428 /* Colors.swift */,
				302D814C1AC93E6A00FDF44D /* Fonts.swift */,
			);
			name = Globals;
			sourceTree = "<group>";
		};
		30500B201AAE3010009F4C26 = {
			isa = PBXGroup;
			children = (
				3091AC1D1ACA84E000E25F13 /* SystemConfiguration.framework */,
				3038F8071ABA0BA100741BEE /* GameKit.framework */,
				30500B2B1AAE3010009F4C26 /* Arculars */,
				30500B451AAE3010009F4C26 /* ArcularsTests */,
				30500B2A1AAE3010009F4C26 /* Products */,
			);
			sourceTree = "<group>";
		};
		30500B2A1AAE3010009F4C26 /* Products */ = {
			isa = PBXGroup;
			children = (
				30500B291AAE3010009F4C26 /* Arculars.app */,
				30500B421AAE3010009F4C26 /* ArcularsTests.xctest */,
			);
			name = Products;
			sourceTree = "<group>";
		};
		30500B2B1AAE3010009F4C26 /* Arculars */ = {
			isa = PBXGroup;
			children = (
				3034C8CF1AD43AFC00577E51 /* Globals */,
				30DDDBEA1ABB08AD00BB11EE /* Extensions */,
				30DDDBE61ABB087400BB11EE /* Infrastructure */,
				30DDDBE91ABB089000BB11EE /* Nodes */,
				309ED2E51AB492DB007D7EC4 /* Scenes */,
				30F7B0821AC36CC800764D6B /* Sounds */,
				306002111ACB22CC00F74A7B /* ViewControllers */,
				30500B2E1AAE3010009F4C26 /* AppDelegate.swift */,
				30500B361AAE3010009F4C26 /* Main.storyboard */,
				30500B3B1AAE3010009F4C26 /* LaunchScreen.xib */,
				30500B391AAE3010009F4C26 /* Images.xcassets */,
				30500B2C1AAE3010009F4C26 /* Supporting Files */,
			);
			path = Arculars;
			sourceTree = "<group>";
		};
		30500B2C1AAE3010009F4C26 /* Supporting Files */ = {
			isa = PBXGroup;
			children = (
				30500B2D1AAE3010009F4C26 /* Info.plist */,
			);
			name = "Supporting Files";
			sourceTree = "<group>";
		};
		30500B451AAE3010009F4C26 /* ArcularsTests */ = {
			isa = PBXGroup;
			children = (
				30500B481AAE3010009F4C26 /* ArcularsTests.swift */,
				30500B461AAE3010009F4C26 /* Supporting Files */,
			);
			path = ArcularsTests;
			sourceTree = "<group>";
		};
		30500B461AAE3010009F4C26 /* Supporting Files */ = {
			isa = PBXGroup;
			children = (
				30500B471AAE3010009F4C26 /* Info.plist */,
			);
			name = "Supporting Files";
			sourceTree = "<group>";
		};
		306002111ACB22CC00F74A7B /* ViewControllers */ = {
			isa = PBXGroup;
			children = (
				30500B341AAE3010009F4C26 /* GameViewController.swift */,
			);
			name = ViewControllers;
			sourceTree = "<group>";
		};
		309ED2E51AB492DB007D7EC4 /* Scenes */ = {
			isa = PBXGroup;
			children = (
				3038F80D1ABA1F0600741BEE /* SceneDelegate.swift */,
				30500B321AAE3010009F4C26 /* GameScene.swift */,
				30F02AC01ABF570300A0CF68 /* GameoverScene.swift */,
				309ED2E61AB4939D007D7EC4 /* MenuScene.swift */,
				305414B91AC04BFE00636047 /* StatsScene.swift */,
				305414BB1AC0A05000636047 /* SettingsScene.swift */,
				305BCAF11AC9727D004F68E6 /* AboutScene.swift */,
				305BCAF31AC973A8004F68E6 /* HelpScene.swift */,
			);
			name = Scenes;
			sourceTree = "<group>";
		};
		30DDDBE61ABB087400BB11EE /* Infrastructure */ = {
			isa = PBXGroup;
			children = (
				30964D111AC6AAD000937D8D /* Difficulty.swift */,
				302D814E1AC93E9600FDF44D /* GameMode.swift */,
				302197721AB306B400769D2F /* PhysicsCategory.swift */,
				308F5EB11AC2171D004E40EC /* SettingsHandler.swift */,
				30A5F3FB1AC1557B004D7364 /* StatsHandler.swift */,
				3091AC1B1ACA84D300E25F13 /* GCHandler.swift */,
				300FBC081AD30CC900152297 /* PowerupHandler.swift */,
			);
			name = Infrastructure;
			sourceTree = "<group>";
		};
		30DDDBE91ABB089000BB11EE /* Nodes */ = {
			isa = PBXGroup;
			children = (
				30525A021AB3800F001D6C91 /* Ball.swift */,
				303FCDEC1AAE349900A59347 /* Circle.swift */,
				301C00861AB4576D00A635FC /* Score.swift */,
				3040C9B81ACC447B0064BEFB /* TimerBar.swift */,
				30E95DF21ACC962A003FACEC /* HealthBar.swift */,
				300FBC0A1AD316F400152297 /* Powerup.swift */,
			);
			name = Nodes;
			sourceTree = "<group>";
		};
		30DDDBEA1ABB08AD00BB11EE /* Extensions */ = {
			isa = PBXGroup;
			children = (
				30456F4F1AAF8EA3008F070C /* UIColorExtension.swift */,
				30A8FF971ABAAD4A002EB522 /* UIDeviceExtension.swift */,
			);
			name = Extensions;
			sourceTree = "<group>";
		};
		30F7B0821AC36CC800764D6B /* Sounds */ = {
			isa = PBXGroup;
			children = (
				302D81461AC857DA00FDF44D /* hit2.wav */,
				302D81471AC857DA00FDF44D /* hit1.wav */,
			);
			name = Sounds;
			sourceTree = "<group>";
		};
/* End PBXGroup section */

/* Begin PBXNativeTarget section */
		30500B281AAE3010009F4C26 /* Arculars */ = {
			isa = PBXNativeTarget;
			buildConfigurationList = 30500B4C1AAE3010009F4C26 /* Build configuration list for PBXNativeTarget "Arculars" */;
			buildPhases = (
				30500B251AAE3010009F4C26 /* Sources */,
				30500B261AAE3010009F4C26 /* Frameworks */,
				30500B271AAE3010009F4C26 /* Resources */,
			);
			buildRules = (
			);
			dependencies = (
			);
			name = Arculars;
			productName = Arculars;
			productReference = 30500B291AAE3010009F4C26 /* Arculars.app */;
			productType = "com.apple.product-type.application";
		};
		30500B411AAE3010009F4C26 /* ArcularsTests */ = {
			isa = PBXNativeTarget;
			buildConfigurationList = 30500B4F1AAE3010009F4C26 /* Build configuration list for PBXNativeTarget "ArcularsTests" */;
			buildPhases = (
				30500B3E1AAE3010009F4C26 /* Sources */,
				30500B3F1AAE3010009F4C26 /* Frameworks */,
				30500B401AAE3010009F4C26 /* Resources */,
			);
			buildRules = (
			);
			dependencies = (
				30500B441AAE3010009F4C26 /* PBXTargetDependency */,
			);
			name = ArcularsTests;
			productName = ArcularsTests;
			productReference = 30500B421AAE3010009F4C26 /* ArcularsTests.xctest */;
			productType = "com.apple.product-type.bundle.unit-test";
		};
/* End PBXNativeTarget section */

/* Begin PBXProject section */
		30500B211AAE3010009F4C26 /* Project object */ = {
			isa = PBXProject;
			attributes = {
				LastUpgradeCheck = 0610;
				ORGANIZATIONNAME = RMNBLM;
				TargetAttributes = {
					30500B281AAE3010009F4C26 = {
						CreatedOnToolsVersion = 6.1.1;
						DevelopmentTeam = LX2LWMTL8R;
						SystemCapabilities = {
							com.apple.GameCenter = {
								enabled = 1;
							};
						};
					};
					30500B411AAE3010009F4C26 = {
						CreatedOnToolsVersion = 6.1.1;
						TestTargetID = 30500B281AAE3010009F4C26;
					};
				};
			};
			buildConfigurationList = 30500B241AAE3010009F4C26 /* Build configuration list for PBXProject "Arculars" */;
			compatibilityVersion = "Xcode 3.2";
			developmentRegion = English;
			hasScannedForEncodings = 0;
			knownRegions = (
				en,
				Base,
			);
			mainGroup = 30500B201AAE3010009F4C26;
			productRefGroup = 30500B2A1AAE3010009F4C26 /* Products */;
			projectDirPath = "";
			projectRoot = "";
			targets = (
				30500B281AAE3010009F4C26 /* Arculars */,
				30500B411AAE3010009F4C26 /* ArcularsTests */,
			);
		};
/* End PBXProject section */

/* Begin PBXResourcesBuildPhase section */
		30500B271AAE3010009F4C26 /* Resources */ = {
			isa = PBXResourcesBuildPhase;
			buildActionMask = 2147483647;
			files = (
				302D81491AC857DA00FDF44D /* hit1.wav in Resources */,
				30500B3D1AAE3010009F4C26 /* LaunchScreen.xib in Resources */,
				30500B3A1AAE3010009F4C26 /* Images.xcassets in Resources */,
				30500B381AAE3010009F4C26 /* Main.storyboard in Resources */,
				302D81481AC857DA00FDF44D /* hit2.wav in Resources */,
			);
			runOnlyForDeploymentPostprocessing = 0;
		};
		30500B401AAE3010009F4C26 /* Resources */ = {
			isa = PBXResourcesBuildPhase;
			buildActionMask = 2147483647;
			files = (
			);
			runOnlyForDeploymentPostprocessing = 0;
		};
/* End PBXResourcesBuildPhase section */

/* Begin PBXSourcesBuildPhase section */
		30500B251AAE3010009F4C26 /* Sources */ = {
			isa = PBXSourcesBuildPhase;
			buildActionMask = 2147483647;
			files = (
				30525A031AB3800F001D6C91 /* Ball.swift in Sources */,
				30A8FF981ABAAD4A002EB522 /* UIDeviceExtension.swift in Sources */,
				30500B331AAE3010009F4C26 /* GameScene.swift in Sources */,
				305BCAF41AC973A8004F68E6 /* HelpScene.swift in Sources */,
				308F5EB21AC2171D004E40EC /* SettingsHandler.swift in Sources */,
				300FBC091AD30CC900152297 /* PowerupHandler.swift in Sources */,
				3034C8CE1AD43AEF00577E51 /* Strings.swift in Sources */,
				30964D121AC6AAD000937D8D /* Difficulty.swift in Sources */,
				305414BC1AC0A05000636047 /* SettingsScene.swift in Sources */,
				3091AC1C1ACA84D300E25F13 /* GCHandler.swift in Sources */,
				303FCDED1AAE349900A59347 /* Circle.swift in Sources */,
				30500B351AAE3010009F4C26 /* GameViewController.swift in Sources */,
				30A5F3FC1AC1557B004D7364 /* StatsHandler.swift in Sources */,
				3098F5251AAF8AB800829428 /* Colors.swift in Sources */,
				305BCAF21AC9727D004F68E6 /* AboutScene.swift in Sources */,
				30500B2F1AAE3010009F4C26 /* AppDelegate.swift in Sources */,
				302D814D1AC93E6A00FDF44D /* Fonts.swift in Sources */,
				305414BA1AC04BFE00636047 /* StatsScene.swift in Sources */,
				30E95DF31ACC962A003FACEC /* HealthBar.swift in Sources */,
				30456F501AAF8EA3008F070C /* UIColorExtension.swift in Sources */,
				3038F80E1ABA1F0600741BEE /* SceneDelegate.swift in Sources */,
				309ED2E71AB4939D007D7EC4 /* MenuScene.swift in Sources */,
				30F02AC11ABF570300A0CF68 /* GameoverScene.swift in Sources */,
				301C00871AB4576D00A635FC /* Score.swift in Sources */,
				300FBC0B1AD316F400152297 /* Powerup.swift in Sources */,
				302D814F1AC93E9600FDF44D /* GameMode.swift in Sources */,
				302197731AB306B400769D2F /* PhysicsCategory.swift in Sources */,
				3040C9B91ACC447B0064BEFB /* TimerBar.swift in Sources */,
			);
			runOnlyForDeploymentPostprocessing = 0;
		};
		30500B3E1AAE3010009F4C26 /* Sources */ = {
			isa = PBXSourcesBuildPhase;
			buildActionMask = 2147483647;
			files = (
				30500B491AAE3010009F4C26 /* ArcularsTests.swift in Sources */,
			);
			runOnlyForDeploymentPostprocessing = 0;
		};
/* End PBXSourcesBuildPhase section */

/* Begin PBXTargetDependency section */
		30500B441AAE3010009F4C26 /* PBXTargetDependency */ = {
			isa = PBXTargetDependency;
			target = 30500B281AAE3010009F4C26 /* Arculars */;
			targetProxy = 30500B431AAE3010009F4C26 /* PBXContainerItemProxy */;
		};
/* End PBXTargetDependency section */

/* Begin PBXVariantGroup section */
		30500B361AAE3010009F4C26 /* Main.storyboard */ = {
			isa = PBXVariantGroup;
			children = (
				30500B371AAE3010009F4C26 /* Base */,
			);
			name = Main.storyboard;
			sourceTree = "<group>";
		};
		30500B3B1AAE3010009F4C26 /* LaunchScreen.xib */ = {
			isa = PBXVariantGroup;
			children = (
				30500B3C1AAE3010009F4C26 /* Base */,
			);
			name = LaunchScreen.xib;
			sourceTree = "<group>";
		};
/* End PBXVariantGroup section */

/* Begin XCBuildConfiguration section */
		30500B4A1AAE3010009F4C26 /* Debug */ = {
			isa = XCBuildConfiguration;
			buildSettings = {
				ALWAYS_SEARCH_USER_PATHS = NO;
				CLANG_CXX_LANGUAGE_STANDARD = "gnu++0x";
				CLANG_CXX_LIBRARY = "libc++";
				CLANG_ENABLE_MODULES = YES;
				CLANG_ENABLE_OBJC_ARC = YES;
				CLANG_WARN_BOOL_CONVERSION = YES;
				CLANG_WARN_CONSTANT_CONVERSION = YES;
				CLANG_WARN_DIRECT_OBJC_ISA_USAGE = YES_ERROR;
				CLANG_WARN_EMPTY_BODY = YES;
				CLANG_WARN_ENUM_CONVERSION = YES;
				CLANG_WARN_INT_CONVERSION = YES;
				CLANG_WARN_OBJC_ROOT_CLASS = YES_ERROR;
				CLANG_WARN_UNREACHABLE_CODE = YES;
				CLANG_WARN__DUPLICATE_METHOD_MATCH = YES;
				"CODE_SIGN_IDENTITY[sdk=iphoneos*]" = "iPhone Developer";
				COPY_PHASE_STRIP = NO;
				ENABLE_STRICT_OBJC_MSGSEND = YES;
				GCC_C_LANGUAGE_STANDARD = gnu99;
				GCC_DYNAMIC_NO_PIC = NO;
				GCC_OPTIMIZATION_LEVEL = 0;
				GCC_PREPROCESSOR_DEFINITIONS = (
					"DEBUG=1",
					"$(inherited)",
				);
				GCC_SYMBOLS_PRIVATE_EXTERN = NO;
				GCC_WARN_64_TO_32_BIT_CONVERSION = YES;
				GCC_WARN_ABOUT_RETURN_TYPE = YES_ERROR;
				GCC_WARN_UNDECLARED_SELECTOR = YES;
				GCC_WARN_UNINITIALIZED_AUTOS = YES_AGGRESSIVE;
				GCC_WARN_UNUSED_FUNCTION = YES;
				GCC_WARN_UNUSED_VARIABLE = YES;
				IPHONEOS_DEPLOYMENT_TARGET = 8.0;
				MTL_ENABLE_DEBUG_INFO = YES;
				ONLY_ACTIVE_ARCH = YES;
				SDKROOT = iphoneos;
				SWIFT_OPTIMIZATION_LEVEL = "-Onone";
				TARGETED_DEVICE_FAMILY = "1,2";
			};
			name = Debug;
		};
		30500B4B1AAE3010009F4C26 /* Release */ = {
			isa = XCBuildConfiguration;
			buildSettings = {
				ALWAYS_SEARCH_USER_PATHS = NO;
				CLANG_CXX_LANGUAGE_STANDARD = "gnu++0x";
				CLANG_CXX_LIBRARY = "libc++";
				CLANG_ENABLE_MODULES = YES;
				CLANG_ENABLE_OBJC_ARC = YES;
				CLANG_WARN_BOOL_CONVERSION = YES;
				CLANG_WARN_CONSTANT_CONVERSION = YES;
				CLANG_WARN_DIRECT_OBJC_ISA_USAGE = YES_ERROR;
				CLANG_WARN_EMPTY_BODY = YES;
				CLANG_WARN_ENUM_CONVERSION = YES;
				CLANG_WARN_INT_CONVERSION = YES;
				CLANG_WARN_OBJC_ROOT_CLASS = YES_ERROR;
				CLANG_WARN_UNREACHABLE_CODE = YES;
				CLANG_WARN__DUPLICATE_METHOD_MATCH = YES;
				"CODE_SIGN_IDENTITY[sdk=iphoneos*]" = "iPhone Developer";
				COPY_PHASE_STRIP = YES;
				ENABLE_NS_ASSERTIONS = NO;
				ENABLE_STRICT_OBJC_MSGSEND = YES;
				GCC_C_LANGUAGE_STANDARD = gnu99;
				GCC_WARN_64_TO_32_BIT_CONVERSION = YES;
				GCC_WARN_ABOUT_RETURN_TYPE = YES_ERROR;
				GCC_WARN_UNDECLARED_SELECTOR = YES;
				GCC_WARN_UNINITIALIZED_AUTOS = YES_AGGRESSIVE;
				GCC_WARN_UNUSED_FUNCTION = YES;
				GCC_WARN_UNUSED_VARIABLE = YES;
				IPHONEOS_DEPLOYMENT_TARGET = 8.0;
				MTL_ENABLE_DEBUG_INFO = NO;
				SDKROOT = iphoneos;
				TARGETED_DEVICE_FAMILY = "1,2";
				VALIDATE_PRODUCT = YES;
			};
			name = Release;
		};
		30500B4D1AAE3010009F4C26 /* Debug */ = {
			isa = XCBuildConfiguration;
			buildSettings = {
				ASSETCATALOG_COMPILER_APPICON_NAME = AppIcon;
				CLANG_ENABLE_MODULES = YES;
				CODE_SIGN_IDENTITY = "iPhone Developer";
				"CODE_SIGN_IDENTITY[sdk=iphoneos*]" = "iPhone Developer";
				INFOPLIST_FILE = Arculars/Info.plist;
				IPHONEOS_DEPLOYMENT_TARGET = 8.0;
				LD_RUNPATH_SEARCH_PATHS = "$(inherited) @executable_path/Frameworks";
				OTHER_SWIFT_FLAGS = "-D DEBUG";
				PRODUCT_NAME = "$(TARGET_NAME)";
				PROVISIONING_PROFILE = "";
				SWIFT_OPTIMIZATION_LEVEL = "-Onone";
			};
			name = Debug;
		};
		30500B4E1AAE3010009F4C26 /* Release */ = {
			isa = XCBuildConfiguration;
			buildSettings = {
				ASSETCATALOG_COMPILER_APPICON_NAME = AppIcon;
				CLANG_ENABLE_MODULES = YES;
				CODE_SIGN_IDENTITY = "iPhone Developer";
				"CODE_SIGN_IDENTITY[sdk=iphoneos*]" = "iPhone Developer";
				INFOPLIST_FILE = Arculars/Info.plist;
				IPHONEOS_DEPLOYMENT_TARGET = 8.0;
				LD_RUNPATH_SEARCH_PATHS = "$(inherited) @executable_path/Frameworks";
				PRODUCT_NAME = "$(TARGET_NAME)";
				PROVISIONING_PROFILE = "";
			};
			name = Release;
		};
		30500B501AAE3010009F4C26 /* Debug */ = {
			isa = XCBuildConfiguration;
			buildSettings = {
				BUNDLE_LOADER = "$(TEST_HOST)";
				FRAMEWORK_SEARCH_PATHS = (
					"$(SDKROOT)/Developer/Library/Frameworks",
					"$(inherited)",
				);
				GCC_PREPROCESSOR_DEFINITIONS = (
					"DEBUG=1",
					"$(inherited)",
				);
				INFOPLIST_FILE = ArcularsTests/Info.plist;
				LD_RUNPATH_SEARCH_PATHS = "$(inherited) @executable_path/Frameworks @loader_path/Frameworks";
				PRODUCT_NAME = "$(TARGET_NAME)";
				TEST_HOST = "$(BUILT_PRODUCTS_DIR)/Arculars.app/Arculars";
			};
			name = Debug;
		};
		30500B511AAE3010009F4C26 /* Release */ = {
			isa = XCBuildConfiguration;
			buildSettings = {
				BUNDLE_LOADER = "$(TEST_HOST)";
				FRAMEWORK_SEARCH_PATHS = (
					"$(SDKROOT)/Developer/Library/Frameworks",
					"$(inherited)",
				);
				INFOPLIST_FILE = ArcularsTests/Info.plist;
				LD_RUNPATH_SEARCH_PATHS = "$(inherited) @executable_path/Frameworks @loader_path/Frameworks";
				PRODUCT_NAME = "$(TARGET_NAME)";
				TEST_HOST = "$(BUILT_PRODUCTS_DIR)/Arculars.app/Arculars";
			};
			name = Release;
		};
/* End XCBuildConfiguration section */

/* Begin XCConfigurationList section */
		30500B241AAE3010009F4C26 /* Build configuration list for PBXProject "Arculars" */ = {
			isa = XCConfigurationList;
			buildConfigurations = (
				30500B4A1AAE3010009F4C26 /* Debug */,
				30500B4B1AAE3010009F4C26 /* Release */,
			);
			defaultConfigurationIsVisible = 0;
			defaultConfigurationName = Release;
		};
		30500B4C1AAE3010009F4C26 /* Build configuration list for PBXNativeTarget "Arculars" */ = {
			isa = XCConfigurationList;
			buildConfigurations = (
				30500B4D1AAE3010009F4C26 /* Debug */,
				30500B4E1AAE3010009F4C26 /* Release */,
			);
			defaultConfigurationIsVisible = 0;
			defaultConfigurationName = Release;
		};
		30500B4F1AAE3010009F4C26 /* Build configuration list for PBXNativeTarget "ArcularsTests" */ = {
			isa = XCConfigurationList;
			buildConfigurations = (
				30500B501AAE3010009F4C26 /* Debug */,
				30500B511AAE3010009F4C26 /* Release */,
			);
			defaultConfigurationIsVisible = 0;
			defaultConfigurationName = Release;
		};
/* End XCConfigurationList section */
	};
	rootObject = 30500B211AAE3010009F4C26 /* Project object */;
}
